// !$*UTF8*$!
{
	archiveVersion = 1;
	classes = {
	};
	objectVersion = 46;
	objects = {

/* Begin PBXBuildFile section */
		1C2B54CF1BB1DEFC00653EF2 /* AppDelegate.m in Sources */ = {isa = PBXBuildFile; fileRef = 1C2B54C11BB1DEFC00653EF2 /* AppDelegate.m */; };
		1C2B54D31BB1DEFC00653EF2 /* MapViewController.m in Sources */ = {isa = PBXBuildFile; fileRef = 1C2B54C81BB1DEFC00653EF2 /* MapViewController.m */; };
		1C2B54D41BB1DEFC00653EF2 /* PlaceDetailsViewController.m in Sources */ = {isa = PBXBuildFile; fileRef = 1C2B54CA1BB1DEFC00653EF2 /* PlaceDetailsViewController.m */; };
		1C2B54D51BB1DEFC00653EF2 /* PlaceListViewController.m in Sources */ = {isa = PBXBuildFile; fileRef = 1C2B54CC1BB1DEFC00653EF2 /* PlaceListViewController.m */; };
		1C2B54D61BB1DEFC00653EF2 /* ViewController.m in Sources */ = {isa = PBXBuildFile; fileRef = 1C2B54CE1BB1DEFC00653EF2 /* ViewController.m */; };
		1C2B54DB1BB1DF0F00653EF2 /* DatabaseManager.m in Sources */ = {isa = PBXBuildFile; fileRef = 1C2B54D81BB1DF0F00653EF2 /* DatabaseManager.m */; };
		1C2B54DC1BB1DF0F00653EF2 /* Place.m in Sources */ = {isa = PBXBuildFile; fileRef = 1C2B54DA1BB1DF0F00653EF2 /* Place.m */; };
		1C2B54DF1BB1DF3000653EF2 /* ImageCache.m in Sources */ = {isa = PBXBuildFile; fileRef = 1C2B54DE1BB1DF3000653EF2 /* ImageCache.m */; };
		1C2B54E21BB1DF4000653EF2 /* PlaceObject.m in Sources */ = {isa = PBXBuildFile; fileRef = 1C2B54E11BB1DF4000653EF2 /* PlaceObject.m */; };
		1C2B54E51BB1DF5200653EF2 /* NetworkManager.m in Sources */ = {isa = PBXBuildFile; fileRef = 1C2B54E41BB1DF5200653EF2 /* NetworkManager.m */; };
		1C2B54E81BB1DF6100653EF2 /* PlaceParser.m in Sources */ = {isa = PBXBuildFile; fileRef = 1C2B54E71BB1DF6100653EF2 /* PlaceParser.m */; };
		1C2B54EF1BB1DF7100653EF2 /* 1.jpeg in Resources */ = {isa = PBXBuildFile; fileRef = 1C2B54E91BB1DF7100653EF2 /* 1.jpeg */; };
		1C2B54F01BB1DF7100653EF2 /* 2.jpeg in Resources */ = {isa = PBXBuildFile; fileRef = 1C2B54EA1BB1DF7100653EF2 /* 2.jpeg */; };
		1C2B54F11BB1DF7100653EF2 /* 4.jpeg in Resources */ = {isa = PBXBuildFile; fileRef = 1C2B54EB1BB1DF7100653EF2 /* 4.jpeg */; };
		1C2B54F21BB1DF7100653EF2 /* not_available.png in Resources */ = {isa = PBXBuildFile; fileRef = 1C2B54EC1BB1DF7100653EF2 /* not_available.png */; };
		1C2B54F31BB1DF7100653EF2 /* StreamBarButtonItemImage.png in Resources */ = {isa = PBXBuildFile; fileRef = 1C2B54ED1BB1DF7100653EF2 /* StreamBarButtonItemImage.png */; };
		1C2B54F41BB1DF7100653EF2 /* Images.xcassets in Resources */ = {isa = PBXBuildFile; fileRef = 1C2B54EE1BB1DF7100653EF2 /* Images.xcassets */; };
		1C2B54F91BB1DFA800653EF2 /* LaunchScreen.xib in Resources */ = {isa = PBXBuildFile; fileRef = 1C2B54F51BB1DFA800653EF2 /* LaunchScreen.xib */; };
		1C2B54FA1BB1DFA800653EF2 /* Main.storyboard in Resources */ = {isa = PBXBuildFile; fileRef = 1C2B54F71BB1DFA800653EF2 /* Main.storyboard */; };
		1C2B54FC1BB1DFB600653EF2 /* Info.plist in Resources */ = {isa = PBXBuildFile; fileRef = 1C2B54FB1BB1DFB600653EF2 /* Info.plist */; };
		1C2B54FE1BB1DFC100653EF2 /* main.m in Sources */ = {isa = PBXBuildFile; fileRef = 1C2B54FD1BB1DFC100653EF2 /* main.m */; };
		1C2B55001BB1E04400653EF2 /* Default-568h@2x.png in Resources */ = {isa = PBXBuildFile; fileRef = 1C2B54FF1BB1E04400653EF2 /* Default-568h@2x.png */; };
		1C2B55021BB1E09F00653EF2 /* iOS_Task.xcdatamodeld in Sources */ = {isa = PBXBuildFile; fileRef = 1C2B55011BB1E09F00653EF2 /* iOS_Task.xcdatamodeld */; };
		1C6C664E1BA2133D008A2730 /* MapKit.framework in Frameworks */ = {isa = PBXBuildFile; fileRef = 1C6C664D1BA2133D008A2730 /* MapKit.framework */; };
/* End PBXBuildFile section */

/* Begin PBXFileReference section */
		1C2B54C01BB1DEFC00653EF2 /* AppDelegate.h */ = {isa = PBXFileReference; fileEncoding = 4; lastKnownFileType = sourcecode.c.h; name = AppDelegate.h; path = GooglePlacesDemo/AppDelegate.h; sourceTree = SOURCE_ROOT; };
		1C2B54C11BB1DEFC00653EF2 /* AppDelegate.m */ = {isa = PBXFileReference; fileEncoding = 4; lastKnownFileType = sourcecode.c.objc; name = AppDelegate.m; path = GooglePlacesDemo/AppDelegate.m; sourceTree = SOURCE_ROOT; };
		1C2B54C21BB1DEFC00653EF2 /* Constants.h */ = {isa = PBXFileReference; fileEncoding = 4; lastKnownFileType = sourcecode.c.h; name = Constants.h; path = GooglePlacesDemo/Constants.h; sourceTree = SOURCE_ROOT; };
		1C2B54C71BB1DEFC00653EF2 /* MapViewController.h */ = {isa = PBXFileReference; fileEncoding = 4; lastKnownFileType = sourcecode.c.h; name = MapViewController.h; path = GooglePlacesDemo/MapViewController.h; sourceTree = SOURCE_ROOT; };
		1C2B54C81BB1DEFC00653EF2 /* MapViewController.m */ = {isa = PBXFileReference; fileEncoding = 4; lastKnownFileType = sourcecode.c.objc; name = MapViewController.m; path = GooglePlacesDemo/MapViewController.m; sourceTree = SOURCE_ROOT; };
		1C2B54C91BB1DEFC00653EF2 /* PlaceDetailsViewController.h */ = {isa = PBXFileReference; fileEncoding = 4; lastKnownFileType = sourcecode.c.h; name = PlaceDetailsViewController.h; path = GooglePlacesDemo/PlaceDetailsViewController.h; sourceTree = SOURCE_ROOT; };
		1C2B54CA1BB1DEFC00653EF2 /* PlaceDetailsViewController.m */ = {isa = PBXFileReference; fileEncoding = 4; lastKnownFileType = sourcecode.c.objc; name = PlaceDetailsViewController.m; path = GooglePlacesDemo/PlaceDetailsViewController.m; sourceTree = SOURCE_ROOT; };
		1C2B54CB1BB1DEFC00653EF2 /* PlaceListViewController.h */ = {isa = PBXFileReference; fileEncoding = 4; lastKnownFileType = sourcecode.c.h; name = PlaceListViewController.h; path = GooglePlacesDemo/PlaceListViewController.h; sourceTree = SOURCE_ROOT; };
		1C2B54CC1BB1DEFC00653EF2 /* PlaceListViewController.m */ = {isa = PBXFileReference; fileEncoding = 4; lastKnownFileType = sourcecode.c.objc; name = PlaceListViewController.m; path = GooglePlacesDemo/PlaceListViewController.m; sourceTree = SOURCE_ROOT; };
		1C2B54CD1BB1DEFC00653EF2 /* ViewController.h */ = {isa = PBXFileReference; fileEncoding = 4; lastKnownFileType = sourcecode.c.h; name = ViewController.h; path = GooglePlacesDemo/ViewController.h; sourceTree = SOURCE_ROOT; };
		1C2B54CE1BB1DEFC00653EF2 /* ViewController.m */ = {isa = PBXFileReference; fileEncoding = 4; lastKnownFileType = sourcecode.c.objc; name = ViewController.m; path = GooglePlacesDemo/ViewController.m; sourceTree = SOURCE_ROOT; };
		1C2B54D71BB1DF0F00653EF2 /* DatabaseManager.h */ = {isa = PBXFileReference; fileEncoding = 4; lastKnownFileType = sourcecode.c.h; name = DatabaseManager.h; path = GooglePlacesDemo/DatabaseManager/DatabaseManager.h; sourceTree = SOURCE_ROOT; };
		1C2B54D81BB1DF0F00653EF2 /* DatabaseManager.m */ = {isa = PBXFileReference; fileEncoding = 4; lastKnownFileType = sourcecode.c.objc; name = DatabaseManager.m; path = GooglePlacesDemo/DatabaseManager/DatabaseManager.m; sourceTree = SOURCE_ROOT; };
		1C2B54D91BB1DF0F00653EF2 /* Place.h */ = {isa = PBXFileReference; fileEncoding = 4; lastKnownFileType = sourcecode.c.h; name = Place.h; path = GooglePlacesDemo/DatabaseManager/Place.h; sourceTree = SOURCE_ROOT; };
		1C2B54DA1BB1DF0F00653EF2 /* Place.m */ = {isa = PBXFileReference; fileEncoding = 4; lastKnownFileType = sourcecode.c.objc; name = Place.m; path = GooglePlacesDemo/DatabaseManager/Place.m; sourceTree = SOURCE_ROOT; };
		1C2B54DD1BB1DF3000653EF2 /* ImageCache.h */ = {isa = PBXFileReference; fileEncoding = 4; lastKnownFileType = sourcecode.c.h; name = ImageCache.h; path = GooglePlacesDemo/ImageCache.h; sourceTree = SOURCE_ROOT; };
		1C2B54DE1BB1DF3000653EF2 /* ImageCache.m */ = {isa = PBXFileReference; fileEncoding = 4; lastKnownFileType = sourcecode.c.objc; name = ImageCache.m; path = GooglePlacesDemo/ImageCache.m; sourceTree = SOURCE_ROOT; };
		1C2B54E01BB1DF4000653EF2 /* PlaceObject.h */ = {isa = PBXFileReference; fileEncoding = 4; lastKnownFileType = sourcecode.c.h; name = PlaceObject.h; path = GooglePlacesDemo/Place/PlaceObject.h; sourceTree = SOURCE_ROOT; };
		1C2B54E11BB1DF4000653EF2 /* PlaceObject.m */ = {isa = PBXFileReference; fileEncoding = 4; lastKnownFileType = sourcecode.c.objc; name = PlaceObject.m; path = GooglePlacesDemo/Place/PlaceObject.m; sourceTree = SOURCE_ROOT; };
		1C2B54E31BB1DF5200653EF2 /* NetworkManager.h */ = {isa = PBXFileReference; fileEncoding = 4; lastKnownFileType = sourcecode.c.h; name = NetworkManager.h; path = GooglePlacesDemo/NetworkManager/NetworkManager.h; sourceTree = SOURCE_ROOT; };
		1C2B54E41BB1DF5200653EF2 /* NetworkManager.m */ = {isa = PBXFileReference; fileEncoding = 4; lastKnownFileType = sourcecode.c.objc; name = NetworkManager.m; path = GooglePlacesDemo/NetworkManager/NetworkManager.m; sourceTree = SOURCE_ROOT; };
		1C2B54E61BB1DF6100653EF2 /* PlaceParser.h */ = {isa = PBXFileReference; fileEncoding = 4; lastKnownFileType = sourcecode.c.h; name = PlaceParser.h; path = GooglePlacesDemo/Parser/PlaceParser.h; sourceTree = SOURCE_ROOT; };
		1C2B54E71BB1DF6100653EF2 /* PlaceParser.m */ = {isa = PBXFileReference; fileEncoding = 4; lastKnownFileType = sourcecode.c.objc; name = PlaceParser.m; path = GooglePlacesDemo/Parser/PlaceParser.m; sourceTree = SOURCE_ROOT; };
		1C2B54E91BB1DF7100653EF2 /* 1.jpeg */ = {isa = PBXFileReference; lastKnownFileType = image.jpeg; name = 1.jpeg; path = GooglePlacesDemo/1.jpeg; sourceTree = SOURCE_ROOT; };
		1C2B54EA1BB1DF7100653EF2 /* 2.jpeg */ = {isa = PBXFileReference; lastKnownFileType = image.jpeg; name = 2.jpeg; path = GooglePlacesDemo/2.jpeg; sourceTree = SOURCE_ROOT; };
		1C2B54EB1BB1DF7100653EF2 /* 4.jpeg */ = {isa = PBXFileReference; lastKnownFileType = image.jpeg; name = 4.jpeg; path = GooglePlacesDemo/4.jpeg; sourceTree = SOURCE_ROOT; };
		1C2B54EC1BB1DF7100653EF2 /* not_available.png */ = {isa = PBXFileReference; lastKnownFileType = image.png; name = not_available.png; path = GooglePlacesDemo/not_available.png; sourceTree = SOURCE_ROOT; };
		1C2B54ED1BB1DF7100653EF2 /* StreamBarButtonItemImage.png */ = {isa = PBXFileReference; lastKnownFileType = image.png; name = StreamBarButtonItemImage.png; path = GooglePlacesDemo/StreamBarButtonItemImage.png; sourceTree = SOURCE_ROOT; };
		1C2B54EE1BB1DF7100653EF2 /* Images.xcassets */ = {isa = PBXFileReference; lastKnownFileType = folder.assetcatalog; name = Images.xcassets; path = GooglePlacesDemo/Images.xcassets; sourceTree = SOURCE_ROOT; };
		1C2B54F61BB1DFA800653EF2 /* Base */ = {isa = PBXFileReference; lastKnownFileType = file.xib; name = Base; path = GooglePlacesDemo/Base.lproj/LaunchScreen.xib; sourceTree = SOURCE_ROOT; };
		1C2B54F81BB1DFA800653EF2 /* Base */ = {isa = PBXFileReference; lastKnownFileType = file.storyboard; name = Base; path = GooglePlacesDemo/Base.lproj/Main.storyboard; sourceTree = SOURCE_ROOT; };
		1C2B54FB1BB1DFB600653EF2 /* Info.plist */ = {isa = PBXFileReference; fileEncoding = 4; lastKnownFileType = text.plist.xml; name = Info.plist; path = GooglePlacesDemo/Info.plist; sourceTree = SOURCE_ROOT; };
		1C2B54FD1BB1DFC100653EF2 /* main.m */ = {isa = PBXFileReference; fileEncoding = 4; lastKnownFileType = sourcecode.c.objc; name = main.m; path = GooglePlacesDemo/main.m; sourceTree = SOURCE_ROOT; };
		1C2B54FF1BB1E04400653EF2 /* Default-568h@2x.png */ = {isa = PBXFileReference; lastKnownFileType = image.png; path = "Default-568h@2x.png"; sourceTree = "<group>"; };
		1C6C664D1BA2133D008A2730 /* MapKit.framework */ = {isa = PBXFileReference; lastKnownFileType = wrapper.framework; name = MapKit.framework; path = System/Library/Frameworks/MapKit.framework; sourceTree = SDKROOT; };
		1CC5453A1BA04CD900463F84 /* GooglePlacesDemo.app */ = {isa = PBXFileReference; explicitFileType = wrapper.application; includeInIndex = 0; path = GooglePlacesDemo.app; sourceTree = BUILT_PRODUCTS_DIR; };
/* End PBXFileReference section */

/* Begin PBXFrameworksBuildPhase section */
		1CC545371BA04CD900463F84 /* Frameworks */ = {
			isa = PBXFrameworksBuildPhase;
			buildActionMask = 2147483647;
			files = (
				1C6C664E1BA2133D008A2730 /* MapKit.framework in Frameworks */,
			);
			runOnlyForDeploymentPostprocessing = 0;
		};
/* End PBXFrameworksBuildPhase section */

/* Begin PBXGroup section */
		1C1A2D191BA15BFE00E0FF85 /* NetworkManager */ = {
			isa = PBXGroup;
			children = (
				1C2B54E31BB1DF5200653EF2 /* NetworkManager.h */,
				1C2B54E41BB1DF5200653EF2 /* NetworkManager.m */,
			);
			name = NetworkManager;
			sourceTree = "<group>";
		};
		1C1A2D1D1BA16D3A00E0FF85 /* Parser */ = {
			isa = PBXGroup;
			children = (
				1C2B54E61BB1DF6100653EF2 /* PlaceParser.h */,
				1C2B54E71BB1DF6100653EF2 /* PlaceParser.m */,
			);
			name = Parser;
			sourceTree = "<group>";
		};
		1C8003E51BA1966B00B0D8F6 /* Place */ = {
			isa = PBXGroup;
			children = (
				1C2B54E01BB1DF4000653EF2 /* PlaceObject.h */,
				1C2B54E11BB1DF4000653EF2 /* PlaceObject.m */,
			);
			name = Place;
			sourceTree = "<group>";
		};
		1CA82B711BA7FD1D00F14FBD /* ImageCache */ = {
			isa = PBXGroup;
			children = (
				1C2B54DD1BB1DF3000653EF2 /* ImageCache.h */,
				1C2B54DE1BB1DF3000653EF2 /* ImageCache.m */,
			);
			name = ImageCache;
			sourceTree = "<group>";
		};
		1CA82B751BA8160900F14FBD /* DatabaseManager */ = {
			isa = PBXGroup;
			children = (
				1C2B54D71BB1DF0F00653EF2 /* DatabaseManager.h */,
				1C2B54D81BB1DF0F00653EF2 /* DatabaseManager.m */,
				1C2B54D91BB1DF0F00653EF2 /* Place.h */,
				1C2B54DA1BB1DF0F00653EF2 /* Place.m */,
			);
			name = DatabaseManager;
			sourceTree = "<group>";
		};
		1CC545311BA04CD900463F84 = {
			isa = PBXGroup;
			children = (
				1C2B54FF1BB1E04400653EF2 /* Default-568h@2x.png */,
				1C6C664D1BA2133D008A2730 /* MapKit.framework */,
				1CC5453C1BA04CD900463F84 /* GooglePlacesDemo */,
				1CC5453B1BA04CD900463F84 /* Products */,
			);
			sourceTree = "<group>";
		};
		1CC5453B1BA04CD900463F84 /* Products */ = {
			isa = PBXGroup;
			children = (
				1CC5453A1BA04CD900463F84 /* GooglePlacesDemo.app */,
			);
			name = Products;
			sourceTree = "<group>";
		};
		1CC5453C1BA04CD900463F84 /* GooglePlacesDemo */ = {
			isa = PBXGroup;
			children = (
				1C2B54C01BB1DEFC00653EF2 /* AppDelegate.h */,
				1C2B54C11BB1DEFC00653EF2 /* AppDelegate.m */,
				1C2B54C21BB1DEFC00653EF2 /* Constants.h */,
				1C2B54C71BB1DEFC00653EF2 /* MapViewController.h */,
				1C2B54C81BB1DEFC00653EF2 /* MapViewController.m */,
				1C2B54C91BB1DEFC00653EF2 /* PlaceDetailsViewController.h */,
				1C2B54CA1BB1DEFC00653EF2 /* PlaceDetailsViewController.m */,
				1C2B54CB1BB1DEFC00653EF2 /* PlaceListViewController.h */,
				1C2B54CC1BB1DEFC00653EF2 /* PlaceListViewController.m */,
				1C2B54CD1BB1DEFC00653EF2 /* ViewController.h */,
				1C2B54CE1BB1DEFC00653EF2 /* ViewController.m */,
				1C2B55011BB1E09F00653EF2 /* iOS_Task.xcdatamodeld */,
				1CA82B751BA8160900F14FBD /* DatabaseManager */,
				1CA82B711BA7FD1D00F14FBD /* ImageCache */,
				1C8003E51BA1966B00B0D8F6 /* Place */,
				1C1A2D191BA15BFE00E0FF85 /* NetworkManager */,
				1C1A2D1D1BA16D3A00E0FF85 /* Parser */,
				1C2B54E91BB1DF7100653EF2 /* 1.jpeg */,
				1C2B54EA1BB1DF7100653EF2 /* 2.jpeg */,
				1C2B54EB1BB1DF7100653EF2 /* 4.jpeg */,
				1C2B54EC1BB1DF7100653EF2 /* not_available.png */,
				1C2B54ED1BB1DF7100653EF2 /* StreamBarButtonItemImage.png */,
				1C2B54EE1BB1DF7100653EF2 /* Images.xcassets */,
				1C2B54F51BB1DFA800653EF2 /* LaunchScreen.xib */,
				1C2B54F71BB1DFA800653EF2 /* Main.storyboard */,
				1CC5453D1BA04CD900463F84 /* Supporting Files */,
			);
			name = GooglePlacesDemo;
			path = "iOS-Task";
			sourceTree = "<group>";
		};
		1CC5453D1BA04CD900463F84 /* Supporting Files */ = {
			isa = PBXGroup;
			children = (
				1C2B54FB1BB1DFB600653EF2 /* Info.plist */,
				1C2B54FD1BB1DFC100653EF2 /* main.m */,
			);
			name = "Supporting Files";
			sourceTree = "<group>";
		};
/* End PBXGroup section */

/* Begin PBXNativeTarget section */
		1CC545391BA04CD900463F84 /* GooglePlacesDemo */ = {
			isa = PBXNativeTarget;
			buildConfigurationList = 1CC545601BA04CD900463F84 /* Build configuration list for PBXNativeTarget "GooglePlacesDemo" */;
			buildPhases = (
				1CC545361BA04CD900463F84 /* Sources */,
				1CC545371BA04CD900463F84 /* Frameworks */,
				1CC545381BA04CD900463F84 /* Resources */,
			);
			buildRules = (
			);
			dependencies = (
			);
			name = GooglePlacesDemo;
			productName = "iOS-Task";
			productReference = 1CC5453A1BA04CD900463F84 /* GooglePlacesDemo.app */;
			productType = "com.apple.product-type.application";
		};
/* End PBXNativeTarget section */

/* Begin PBXProject section */
		1CC545321BA04CD900463F84 /* Project object */ = {
			isa = PBXProject;
			attributes = {
				LastUpgradeCheck = 0640;
				ORGANIZATIONNAME = Rohan;
				TargetAttributes = {
					1CC545391BA04CD900463F84 = {
						CreatedOnToolsVersion = 6.4;
						SystemCapabilities = {
							com.apple.Maps.iOS = {
								enabled = 1;
							};
						};
					};
				};
			};
			buildConfigurationList = 1CC545351BA04CD900463F84 /* Build configuration list for PBXProject "GooglePlacesDemo" */;
			compatibilityVersion = "Xcode 3.2";
			developmentRegion = English;
			hasScannedForEncodings = 0;
			knownRegions = (
				en,
				Base,
			);
			mainGroup = 1CC545311BA04CD900463F84;
			productRefGroup = 1CC5453B1BA04CD900463F84 /* Products */;
			projectDirPath = "";
			projectRoot = "";
			targets = (
				1CC545391BA04CD900463F84 /* GooglePlacesDemo */,
			);
		};
/* End PBXProject section */

/* Begin PBXResourcesBuildPhase section */
		1CC545381BA04CD900463F84 /* Resources */ = {
			isa = PBXResourcesBuildPhase;
			buildActionMask = 2147483647;
			files = (
				1C2B54F11BB1DF7100653EF2 /* 4.jpeg in Resources */,
				1C2B54F41BB1DF7100653EF2 /* Images.xcassets in Resources */,
				1C2B54FC1BB1DFB600653EF2 /* Info.plist in Resources */,
				1C2B55001BB1E04400653EF2 /* Default-568h@2x.png in Resources */,
				1C2B54EF1BB1DF7100653EF2 /* 1.jpeg in Resources */,
				1C2B54FA1BB1DFA800653EF2 /* Main.storyboard in Resources */,
				1C2B54F91BB1DFA800653EF2 /* LaunchScreen.xib in Resources */,
				1C2B54F21BB1DF7100653EF2 /* not_available.png in Resources */,
				1C2B54F31BB1DF7100653EF2 /* StreamBarButtonItemImage.png in Resources */,
				1C2B54F01BB1DF7100653EF2 /* 2.jpeg in Resources */,
			);
			runOnlyForDeploymentPostprocessing = 0;
		};
/* End PBXResourcesBuildPhase section */

/* Begin PBXSourcesBuildPhase section */
		1CC545361BA04CD900463F84 /* Sources */ = {
			isa = PBXSourcesBuildPhase;
			buildActionMask = 2147483647;
			files = (
				1C2B54E81BB1DF6100653EF2 /* PlaceParser.m in Sources */,
				1C2B54CF1BB1DEFC00653EF2 /* AppDelegate.m in Sources */,
				1C2B55021BB1E09F00653EF2 /* iOS_Task.xcdatamodeld in Sources */,
				1C2B54E21BB1DF4000653EF2 /* PlaceObject.m in Sources */,
				1C2B54D51BB1DEFC00653EF2 /* PlaceListViewController.m in Sources */,
				1C2B54D41BB1DEFC00653EF2 /* PlaceDetailsViewController.m in Sources */,
				1C2B54D31BB1DEFC00653EF2 /* MapViewController.m in Sources */,
				1C2B54D61BB1DEFC00653EF2 /* ViewController.m in Sources */,
				1C2B54FE1BB1DFC100653EF2 /* main.m in Sources */,
				1C2B54DC1BB1DF0F00653EF2 /* Place.m in Sources */,
				1C2B54DF1BB1DF3000653EF2 /* ImageCache.m in Sources */,
				1C2B54E51BB1DF5200653EF2 /* NetworkManager.m in Sources */,
				1C2B54DB1BB1DF0F00653EF2 /* DatabaseManager.m in Sources */,
			);
			runOnlyForDeploymentPostprocessing = 0;
		};
/* End PBXSourcesBuildPhase section */

/* Begin PBXVariantGroup section */
		1C2B54F51BB1DFA800653EF2 /* LaunchScreen.xib */ = {
			isa = PBXVariantGroup;
			children = (
				1C2B54F61BB1DFA800653EF2 /* Base */,
			);
			name = LaunchScreen.xib;
			sourceTree = "<group>";
		};
		1C2B54F71BB1DFA800653EF2 /* Main.storyboard */ = {
			isa = PBXVariantGroup;
			children = (
				1C2B54F81BB1DFA800653EF2 /* Base */,
			);
			name = Main.storyboard;
			sourceTree = "<group>";
		};
/* End PBXVariantGroup section */

/* Begin XCBuildConfiguration section */
		1CC5455E1BA04CD900463F84 /* Debug */ = {
			isa = XCBuildConfiguration;
			buildSettings = {
				ALWAYS_SEARCH_USER_PATHS = NO;
				CLANG_CXX_LANGUAGE_STANDARD = "gnu++0x";
				CLANG_CXX_LIBRARY = "libc++";
				CLANG_ENABLE_MODULES = YES;
				CLANG_ENABLE_OBJC_ARC = YES;
				CLANG_WARN_BOOL_CONVERSION = YES;
				CLANG_WARN_CONSTANT_CONVERSION = YES;
				CLANG_WARN_DIRECT_OBJC_ISA_USAGE = YES_ERROR;
				CLANG_WARN_EMPTY_BODY = YES;
				CLANG_WARN_ENUM_CONVERSION = YES;
				CLANG_WARN_INT_CONVERSION = YES;
				CLANG_WARN_OBJC_ROOT_CLASS = YES_ERROR;
				CLANG_WARN_UNREACHABLE_CODE = YES;
				CLANG_WARN__DUPLICATE_METHOD_MATCH = YES;
				"CODE_SIGN_IDENTITY[sdk=iphoneos*]" = "iPhone Developer";
				COPY_PHASE_STRIP = NO;
				DEBUG_INFORMATION_FORMAT = "dwarf-with-dsym";
				ENABLE_STRICT_OBJC_MSGSEND = YES;
				GCC_C_LANGUAGE_STANDARD = gnu99;
				GCC_DYNAMIC_NO_PIC = NO;
				GCC_NO_COMMON_BLOCKS = YES;
				GCC_OPTIMIZATION_LEVEL = 0;
				GCC_PREPROCESSOR_DEFINITIONS = (
					"DEBUG=1",
					"$(inherited)",
				);
				GCC_SYMBOLS_PRIVATE_EXTERN = NO;
				GCC_WARN_64_TO_32_BIT_CONVERSION = YES;
				GCC_WARN_ABOUT_RETURN_TYPE = YES_ERROR;
				GCC_WARN_UNDECLARED_SELECTOR = YES;
				GCC_WARN_UNINITIALIZED_AUTOS = YES_AGGRESSIVE;
				GCC_WARN_UNUSED_FUNCTION = YES;
				GCC_WARN_UNUSED_VARIABLE = YES;
				INFOPLIST_FILE = "/Users/rohan/Documents/Demos/iOSTask/iOS-Task/GooglePlacesDemo/Info.plist";
				IPHONEOS_DEPLOYMENT_TARGET = 8.4;
				MTL_ENABLE_DEBUG_INFO = YES;
				ONLY_ACTIVE_ARCH = YES;
				SDKROOT = iphoneos;
			};
			name = Debug;
		};
		1CC5455F1BA04CD900463F84 /* Release */ = {
			isa = XCBuildConfiguration;
			buildSettings = {
				ALWAYS_SEARCH_USER_PATHS = NO;
				CLANG_CXX_LANGUAGE_STANDARD = "gnu++0x";
				CLANG_CXX_LIBRARY = "libc++";
				CLANG_ENABLE_MODULES = YES;
				CLANG_ENABLE_OBJC_ARC = YES;
				CLANG_WARN_BOOL_CONVERSION = YES;
				CLANG_WARN_CONSTANT_CONVERSION = YES;
				CLANG_WARN_DIRECT_OBJC_ISA_USAGE = YES_ERROR;
				CLANG_WARN_EMPTY_BODY = YES;
				CLANG_WARN_ENUM_CONVERSION = YES;
				CLANG_WARN_INT_CONVERSION = YES;
				CLANG_WARN_OBJC_ROOT_CLASS = YES_ERROR;
				CLANG_WARN_UNREACHABLE_CODE = YES;
				CLANG_WARN__DUPLICATE_METHOD_MATCH = YES;
				"CODE_SIGN_IDENTITY[sdk=iphoneos*]" = "iPhone Developer";
				COPY_PHASE_STRIP = NO;
				DEBUG_INFORMATION_FORMAT = "dwarf-with-dsym";
				ENABLE_NS_ASSERTIONS = NO;
				ENABLE_STRICT_OBJC_MSGSEND = YES;
				GCC_C_LANGUAGE_STANDARD = gnu99;
				GCC_NO_COMMON_BLOCKS = YES;
				GCC_WARN_64_TO_32_BIT_CONVERSION = YES;
				GCC_WARN_ABOUT_RETURN_TYPE = YES_ERROR;
				GCC_WARN_UNDECLARED_SELECTOR = YES;
				GCC_WARN_UNINITIALIZED_AUTOS = YES_AGGRESSIVE;
				GCC_WARN_UNUSED_FUNCTION = YES;
				GCC_WARN_UNUSED_VARIABLE = YES;
				INFOPLIST_FILE = "/Users/rohan/Documents/Demos/iOSTask/iOS-Task/GooglePlacesDemo/Info.plist";
				IPHONEOS_DEPLOYMENT_TARGET = 8.4;
				MTL_ENABLE_DEBUG_INFO = NO;
				SDKROOT = iphoneos;
				VALIDATE_PRODUCT = YES;
			};
			name = Release;
		};
		1CC545611BA04CD900463F84 /* Debug */ = {
			isa = XCBuildConfiguration;
			buildSettings = {
				ASSETCATALOG_COMPILER_APPICON_NAME = AppIcon;
				INFOPLIST_FILE = "$(SRCROOT)/GooglePlacesDemo/Info.plist";
				LD_RUNPATH_SEARCH_PATHS = "$(inherited) @executable_path/Frameworks";
				PRODUCT_NAME = GooglePlacesDemo;
			};
			name = Debug;
		};
		1CC545621BA04CD900463F84 /* Release */ = {
			isa = XCBuildConfiguration;
			buildSettings = {
				ASSETCATALOG_COMPILER_APPICON_NAME = AppIcon;
				INFOPLIST_FILE = "$(SRCROOT)/GooglePlacesDemo/Info.plist";
				LD_RUNPATH_SEARCH_PATHS = "$(inherited) @executable_path/Frameworks";
				PRODUCT_NAME = GooglePlacesDemo;
			};
			name = Release;
		};
/* End XCBuildConfiguration section */

/* Begin XCConfigurationList section */
		1CC545351BA04CD900463F84 /* Build configuration list for PBXProject "GooglePlacesDemo" */ = {
			isa = XCConfigurationList;
			buildConfigurations = (
				1CC5455E1BA04CD900463F84 /* Debug */,
				1CC5455F1BA04CD900463F84 /* Release */,
			);
			defaultConfigurationIsVisible = 0;
			defaultConfigurationName = Release;
		};
		1CC545601BA04CD900463F84 /* Build configuration list for PBXNativeTarget "GooglePlacesDemo" */ = {
			isa = XCConfigurationList;
			buildConfigurations = (
				1CC545611BA04CD900463F84 /* Debug */,
				1CC545621BA04CD900463F84 /* Release */,
			);
			defaultConfigurationIsVisible = 0;
			defaultConfigurationName = Release;
		};
/* End XCConfigurationList section */

/* Begin XCVersionGroup section */
		1C2B55011BB1E09F00653EF2 /* iOS_Task.xcdatamodeld */ = {
			isa = XCVersionGroup;
			children = (
			);
			name = iOS_Task.xcdatamodeld;
			path = ../GooglePlacesDemo/iOS_Task.xcdatamodeld;
			sourceTree = "<group>";
			versionGroupType = wrapper.xcdatamodel;
		};
/* End XCVersionGroup section */
	};
	rootObject = 1CC545321BA04CD900463F84 /* Project object */;
}
